
Microsoft Visual Studio Solution File, Format Version 12.00
# Visual Studio Version 16
VisualStudioVersion = 16.0.33927.289
MinimumVisualStudioVersion = 10.0.40219.1
Project("{FAE04EC0-301F-11D3-BF4B-00C04F79EFBC}") = "WebApplication2", "WebApplication2\WebApplication2.csproj", "{F78DF6EB-2A68-43E8-BCDF-095410C7F80C}"
EndProject
Global
	GlobalSection(SolutionConfigurationPlatforms) = preSolution
		Debug|Any CPU = Debug|Any CPU
		Release|Any CPU = Release|Any CPU
	EndGlobalSection
	GlobalSection(ProjectConfigurationPlatforms) = postSolution
		{F78DF6EB-2A68-43E8-BCDF-095410C7F80C}.Debug|Any CPU.ActiveCfg = Debug|Any CPU
		{F78DF6EB-2A68-43E8-BCDF-095410C7F80C}.Debug|Any CPU.Build.0 = Debug|Any CPU
		{F78DF6EB-2A68-43E8-BCDF-095410C7F80C}.Release|Any CPU.ActiveCfg = Release|Any CPU
		{F78DF6EB-2A68-43E8-BCDF-095410C7F80C}.Release|Any CPU.Build.0 = Release|Any CPU
	EndGlobalSection
	GlobalSection(SolutionProperties) = preSolution
		HideSolutionNode = FALSE
	EndGlobalSection
	GlobalSection(ExtensibilityGlobals) = postSolution
		SolutionGuid = {3A71AF01-A64C-45E0-AD88-094697DE5D43}
	EndGlobalSection
EndGlobal
