
Microsoft Visual Studio Solution File, Format Version 12.00
# Visual Studio Version 16
VisualStudioVersion = 16.0.33927.289
MinimumVisualStudioVersion = 10.0.40219.1
Project("{FAE04EC0-301F-11D3-BF4B-00C04F79EFBC}") = "CarInsurance", "CarInsurance\CarInsurance.csproj", "{E2EF9A44-4409-48AC-BA78-5807DE0C3D76}"
EndProject
Global
	GlobalSection(SolutionConfigurationPlatforms) = preSolution
		Debug|Any CPU = Debug|Any CPU
		Release|Any CPU = Release|Any CPU
	EndGlobalSection
	GlobalSection(ProjectConfigurationPlatforms) = postSolution
		{E2EF9A44-4409-48AC-BA78-5807DE0C3D76}.Debug|Any CPU.ActiveCfg = Debug|Any CPU
		{E2EF9A44-4409-48AC-BA78-5807DE0C3D76}.Debug|Any CPU.Build.0 = Debug|Any CPU
		{E2EF9A44-4409-48AC-BA78-5807DE0C3D76}.Release|Any CPU.ActiveCfg = Release|Any CPU
		{E2EF9A44-4409-48AC-BA78-5807DE0C3D76}.Release|Any CPU.Build.0 = Release|Any CPU
	EndGlobalSection
	GlobalSection(SolutionProperties) = preSolution
		HideSolutionNode = FALSE
	EndGlobalSection
	GlobalSection(ExtensibilityGlobals) = postSolution
		SolutionGuid = {3F80A73C-03A8-4E50-AA96-A2BC58DCDE9E}
	EndGlobalSection
EndGlobal
